dependencies:
- name: mariadb
  repository: https://charts.bitnami.com/bitnami
  version: 9.8.1
- name: redis
  repository: https://charts.bitnami.com/bitnami
  version: 14.8.11
digest: sha256:cf46f8dd91e004963b2312552d346bee5ec084e2b0ea85ae55c1514fd7c122a2
generated: "2021-12-30T15:40:27.28743+08:00"
