dependencies:
- name: bkuserapi
  repository: file://../api
  version: 0.1.0
- name: bkusersaas
  repository: file://../saas
  version: 0.1.0
- name: mariadb
  repository: https://charts.bitnami.com/bitnami
  version: 9.4.0
- name: redis
  repository: https://charts.bitnami.com/bitnami
  version: 14.8.7
digest: sha256:81b85758a4dc4dabd567c4df1ed842b007bd03708841bbde8fb10c0bab66ac3f
generated: "2021-08-18T20:49:45.848239+08:00"
